// !$*UTF8*$!
{
	archiveVersion = 1;
	classes = {
	};
	objectVersion = 77;
	objects = {

/* Begin PBXBuildFile section */
		B6CD5C642E6723E300B91FC4 /* SnapKit in Frameworks */ = {isa = PBXBuildFile; productRef = B6CD5C632E6723E300B91FC4 /* SnapKit */; };
		B6CD5C672E67241300B91FC4 /* Then in Frameworks */ = {isa = PBXBuildFile; productRef = B6CD5C662E67241300B91FC4 /* Then */; };
		B6CD5C6A2E67247200B91FC4 /* RxCocoa in Frameworks */ = {isa = PBXBuildFile; productRef = B6CD5C692E67247200B91FC4 /* RxCocoa */; };
		B6CD5C6C2E67247200B91FC4 /* RxSwift in Frameworks */ = {isa = PBXBuildFile; productRef = B6CD5C6B2E67247200B91FC4 /* RxSwift */; };
		B6CD5C6F2E67248200B91FC4 /* ReactorKit in Frameworks */ = {isa = PBXBuildFile; productRef = B6CD5C6E2E67248200B91FC4 /* ReactorKit */; };
		B6CD5C722E67248E00B91FC4 /* Kingfisher in Frameworks */ = {isa = PBXBuildFile; productRef = B6CD5C712E67248E00B91FC4 /* Kingfisher */; };
		B6CD5C752E67260B00B91FC4 /* Moya in Frameworks */ = {isa = PBXBuildFile; productRef = B6CD5C742E67260B00B91FC4 /* Moya */; };
		B6CD5C772E67260B00B91FC4 /* RxMoya in Frameworks */ = {isa = PBXBuildFile; productRef = B6CD5C762E67260B00B91FC4 /* RxMoya */; };
/* End PBXBuildFile section */

/* Begin PBXFileReference section */
		B67872EC2E6574FE00EEFB26 /* WhatToWearTomorrow.app */ = {isa = PBXFileReference; explicitFileType = wrapper.application; includeInIndex = 0; path = WhatToWearTomorrow.app; sourceTree = BUILT_PRODUCTS_DIR; };
/* End PBXFileReference section */

/* Begin PBXFileSystemSynchronizedBuildFileExceptionSet section */
		B67872FE2E6574FF00EEFB26 /* Exceptions for "WhatToWearTomorrow" folder in "WhatToWearTomorrow" target */ = {
			isa = PBXFileSystemSynchronizedBuildFileExceptionSet;
			membershipExceptions = (
				Info.plist,
			);
			target = B67872EB2E6574FE00EEFB26 /* WhatToWearTomorrow */;
		};
/* End PBXFileSystemSynchronizedBuildFileExceptionSet section */

/* Begin PBXFileSystemSynchronizedRootGroup section */
		B67872EE2E6574FE00EEFB26 /* WhatToWearTomorrow */ = {
			isa = PBXFileSystemSynchronizedRootGroup;
			exceptions = (
				B67872FE2E6574FF00EEFB26 /* Exceptions for "WhatToWearTomorrow" folder in "WhatToWearTomorrow" target */,
			);
			path = WhatToWearTomorrow;
			sourceTree = "<group>";
		};
/* End PBXFileSystemSynchronizedRootGroup section */

/* Begin PBXFrameworksBuildPhase section */
		B67872E92E6574FE00EEFB26 /* Frameworks */ = {
			isa = PBXFrameworksBuildPhase;
			buildActionMask = 2147483647;
			files = (
				B6CD5C722E67248E00B91FC4 /* Kingfisher in Frameworks */,
				B6CD5C6A2E67247200B91FC4 /* RxCocoa in Frameworks */,
				B6CD5C642E6723E300B91FC4 /* SnapKit in Frameworks */,
				B6CD5C6C2E67247200B91FC4 /* RxSwift in Frameworks */,
				B6CD5C6F2E67248200B91FC4 /* ReactorKit in Frameworks */,
				B6CD5C752E67260B00B91FC4 /* Moya in Frameworks */,
				B6CD5C772E67260B00B91FC4 /* RxMoya in Frameworks */,
				B6CD5C672E67241300B91FC4 /* Then in Frameworks */,
			);
			runOnlyForDeploymentPostprocessing = 0;
		};
/* End PBXFrameworksBuildPhase section */

/* Begin PBXGroup section */
		B67872E32E6574FE00EEFB26 = {
			isa = PBXGroup;
			children = (
				B67872EE2E6574FE00EEFB26 /* WhatToWearTomorrow */,
				B67872ED2E6574FE00EEFB26 /* Products */,
			);
			sourceTree = "<group>";
		};
		B67872ED2E6574FE00EEFB26 /* Products */ = {
			isa = PBXGroup;
			children = (
				B67872EC2E6574FE00EEFB26 /* WhatToWearTomorrow.app */,
			);
			name = Products;
			sourceTree = "<group>";
		};
/* End PBXGroup section */

/* Begin PBXNativeTarget section */
		B67872EB2E6574FE00EEFB26 /* WhatToWearTomorrow */ = {
			isa = PBXNativeTarget;
			buildConfigurationList = B67872FF2E6574FF00EEFB26 /* Build configuration list for PBXNativeTarget "WhatToWearTomorrow" */;
			buildPhases = (
				B67872E82E6574FE00EEFB26 /* Sources */,
				B67872E92E6574FE00EEFB26 /* Frameworks */,
				B67872EA2E6574FE00EEFB26 /* Resources */,
			);
			buildRules = (
			);
			dependencies = (
			);
			fileSystemSynchronizedGroups = (
				B67872EE2E6574FE00EEFB26 /* WhatToWearTomorrow */,
			);
			name = WhatToWearTomorrow;
			packageProductDependencies = (
				B6CD5C632E6723E300B91FC4 /* SnapKit */,
				B6CD5C662E67241300B91FC4 /* Then */,
				B6CD5C692E67247200B91FC4 /* RxCocoa */,
				B6CD5C6B2E67247200B91FC4 /* RxSwift */,
				B6CD5C6E2E67248200B91FC4 /* ReactorKit */,
				B6CD5C712E67248E00B91FC4 /* Kingfisher */,
				B6CD5C742E67260B00B91FC4 /* Moya */,
				B6CD5C762E67260B00B91FC4 /* RxMoya */,
			);
			productName = WhatToWearTomorrow;
			productReference = B67872EC2E6574FE00EEFB26 /* WhatToWearTomorrow.app */;
			productType = "com.apple.product-type.application";
		};
/* End PBXNativeTarget section */

/* Begin PBXProject section */
		B67872E42E6574FE00EEFB26 /* Project object */ = {
			isa = PBXProject;
			attributes = {
				BuildIndependentTargetsInParallel = 1;
				LastSwiftUpdateCheck = 1620;
				LastUpgradeCheck = 1620;
				TargetAttributes = {
					B67872EB2E6574FE00EEFB26 = {
						CreatedOnToolsVersion = 16.2;
					};
				};
			};
			buildConfigurationList = B67872E72E6574FE00EEFB26 /* Build configuration list for PBXProject "WhatToWearTomorrow" */;
			developmentRegion = en;
			hasScannedForEncodings = 0;
			knownRegions = (
				en,
				Base,
			);
			mainGroup = B67872E32E6574FE00EEFB26;
			minimizedProjectReferenceProxies = 1;
			packageReferences = (
				B6CD5C622E6723E300B91FC4 /* XCRemoteSwiftPackageReference "SnapKit" */,
				B6CD5C652E67241300B91FC4 /* XCRemoteSwiftPackageReference "Then" */,
				B6CD5C682E67247200B91FC4 /* XCRemoteSwiftPackageReference "RxSwift" */,
				B6CD5C6D2E67248200B91FC4 /* XCRemoteSwiftPackageReference "ReactorKit" */,
				B6CD5C702E67248E00B91FC4 /* XCRemoteSwiftPackageReference "Kingfisher" */,
				B6CD5C732E67260B00B91FC4 /* XCRemoteSwiftPackageReference "Moya" */,
			);
			preferredProjectObjectVersion = 77;
			productRefGroup = B67872ED2E6574FE00EEFB26 /* Products */;
			projectDirPath = "";
			projectRoot = "";
			targets = (
				B67872EB2E6574FE00EEFB26 /* WhatToWearTomorrow */,
			);
		};
/* End PBXProject section */

/* Begin PBXResourcesBuildPhase section */
		B67872EA2E6574FE00EEFB26 /* Resources */ = {
			isa = PBXResourcesBuildPhase;
			buildActionMask = 2147483647;
			files = (
			);
			runOnlyForDeploymentPostprocessing = 0;
		};
/* End PBXResourcesBuildPhase section */

/* Begin PBXSourcesBuildPhase section */
		B67872E82E6574FE00EEFB26 /* Sources */ = {
			isa = PBXSourcesBuildPhase;
			buildActionMask = 2147483647;
			files = (
			);
			runOnlyForDeploymentPostprocessing = 0;
		};
/* End PBXSourcesBuildPhase section */

/* Begin XCBuildConfiguration section */
		B67873002E6574FF00EEFB26 /* Debug */ = {
			isa = XCBuildConfiguration;
			buildSettings = {
				ASSETCATALOG_COMPILER_APPICON_NAME = AppIcon;
				ASSETCATALOG_COMPILER_GLOBAL_ACCENT_COLOR_NAME = AccentColor;
				CODE_SIGN_STYLE = Automatic;
				CURRENT_PROJECT_VERSION = 1;
				DEVELOPMENT_TEAM = 2N6GUCNLQH;
				GENERATE_INFOPLIST_FILE = YES;
				INFOPLIST_FILE = WhatToWearTomorrow/Info.plist;
				INFOPLIST_KEY_UIApplicationSupportsIndirectInputEvents = YES;
				INFOPLIST_KEY_UILaunchStoryboardName = LaunchScreen;
				INFOPLIST_KEY_UIMainStoryboardFile = Main;
				INFOPLIST_KEY_UISupportedInterfaceOrientations_iPad = "UIInterfaceOrientationPortrait UIInterfaceOrientationPortraitUpsideDown UIInterfaceOrientationLandscapeLeft UIInterfaceOrientationLandscapeRight";
				INFOPLIST_KEY_UISupportedInterfaceOrientations_iPhone = "UIInterfaceOrientationPortrait UIInterfaceOrientationLandscapeLeft UIInterfaceOrientationLandscapeRight";
				LD_RUNPATH_SEARCH_PATHS = (
					"$(inherited)",
					"@executable_path/Frameworks",
				);
				MARKETING_VERSION = 1.0;
				PRODUCT_BUNDLE_IDENTIFIER = Dominic.WhatToWearTomorrow;
				PRODUCT_NAME = "$(TARGET_NAME)";
				SWIFT_EMIT_LOC_STRINGS = YES;
				SWIFT_VERSION = 5.0;
				TARGETED_DEVICE_FAMILY = "1,2";
			};
			name = Debug;
		};
		B67873012E6574FF00EEFB26 /* Release */ = {
			isa = XCBuildConfiguration;
			buildSettings = {
				ASSETCATALOG_COMPILER_APPICON_NAME = AppIcon;
				ASSETCATALOG_COMPILER_GLOBAL_ACCENT_COLOR_NAME = AccentColor;
				CODE_SIGN_STYLE = Automatic;
				CURRENT_PROJECT_VERSION = 1;
				DEVELOPMENT_TEAM = 2N6GUCNLQH;
				GENERATE_INFOPLIST_FILE = YES;
				INFOPLIST_FILE = WhatToWearTomorrow/Info.plist;
				INFOPLIST_KEY_UIApplicationSupportsIndirectInputEvents = YES;
				INFOPLIST_KEY_UILaunchStoryboardName = LaunchScreen;
				INFOPLIST_KEY_UIMainStoryboardFile = Main;
				INFOPLIST_KEY_UISupportedInterfaceOrientations_iPad = "UIInterfaceOrientationPortrait UIInterfaceOrientationPortraitUpsideDown UIInterfaceOrientationLandscapeLeft UIInterfaceOrientationLandscapeRight";
				INFOPLIST_KEY_UISupportedInterfaceOrientations_iPhone = "UIInterfaceOrientationPortrait UIInterfaceOrientationLandscapeLeft UIInterfaceOrientationLandscapeRight";
				LD_RUNPATH_SEARCH_PATHS = (
					"$(inherited)",
					"@executable_path/Frameworks",
				);
				MARKETING_VERSION = 1.0;
				PRODUCT_BUNDLE_IDENTIFIER = Dominic.WhatToWearTomorrow;
				PRODUCT_NAME = "$(TARGET_NAME)";
				SWIFT_EMIT_LOC_STRINGS = YES;
				SWIFT_VERSION = 5.0;
				TARGETED_DEVICE_FAMILY = "1,2";
			};
			name = Release;
		};
		B67873022E6574FF00EEFB26 /* Debug */ = {
			isa = XCBuildConfiguration;
			buildSettings = {
				ALWAYS_SEARCH_USER_PATHS = NO;
				ASSETCATALOG_COMPILER_GENERATE_SWIFT_ASSET_SYMBOL_EXTENSIONS = YES;
				CLANG_ANALYZER_NONNULL = YES;
				CLANG_ANALYZER_NUMBER_OBJECT_CONVERSION = YES_AGGRESSIVE;
				CLANG_CXX_LANGUAGE_STANDARD = "gnu++20";
				CLANG_ENABLE_MODULES = YES;
				CLANG_ENABLE_OBJC_ARC = YES;
				CLANG_ENABLE_OBJC_WEAK = YES;
				CLANG_WARN_BLOCK_CAPTURE_AUTORELEASING = YES;
				CLANG_WARN_BOOL_CONVERSION = YES;
				CLANG_WARN_COMMA = YES;
				CLANG_WARN_CONSTANT_CONVERSION = YES;
				CLANG_WARN_DEPRECATED_OBJC_IMPLEMENTATIONS = YES;
				CLANG_WARN_DIRECT_OBJC_ISA_USAGE = YES_ERROR;
				CLANG_WARN_DOCUMENTATION_COMMENTS = YES;
				CLANG_WARN_EMPTY_BODY = YES;
				CLANG_WARN_ENUM_CONVERSION = YES;
				CLANG_WARN_INFINITE_RECURSION = YES;
				CLANG_WARN_INT_CONVERSION = YES;
				CLANG_WARN_NON_LITERAL_NULL_CONVERSION = YES;
				CLANG_WARN_OBJC_IMPLICIT_RETAIN_SELF = YES;
				CLANG_WARN_OBJC_LITERAL_CONVERSION = YES;
				CLANG_WARN_OBJC_ROOT_CLASS = YES_ERROR;
				CLANG_WARN_QUOTED_INCLUDE_IN_FRAMEWORK_HEADER = YES;
				CLANG_WARN_RANGE_LOOP_ANALYSIS = YES;
				CLANG_WARN_STRICT_PROTOTYPES = YES;
				CLANG_WARN_SUSPICIOUS_MOVE = YES;
				CLANG_WARN_UNGUARDED_AVAILABILITY = YES_AGGRESSIVE;
				CLANG_WARN_UNREACHABLE_CODE = YES;
				CLANG_WARN__DUPLICATE_METHOD_MATCH = YES;
				COPY_PHASE_STRIP = NO;
				DEBUG_INFORMATION_FORMAT = dwarf;
				ENABLE_STRICT_OBJC_MSGSEND = YES;
				ENABLE_TESTABILITY = YES;
				ENABLE_USER_SCRIPT_SANDBOXING = YES;
				GCC_C_LANGUAGE_STANDARD = gnu17;
				GCC_DYNAMIC_NO_PIC = NO;
				GCC_NO_COMMON_BLOCKS = YES;
				GCC_OPTIMIZATION_LEVEL = 0;
				GCC_PREPROCESSOR_DEFINITIONS = (
					"DEBUG=1",
					"$(inherited)",
				);
				GCC_WARN_64_TO_32_BIT_CONVERSION = YES;
				GCC_WARN_ABOUT_RETURN_TYPE = YES_ERROR;
				GCC_WARN_UNDECLARED_SELECTOR = YES;
				GCC_WARN_UNINITIALIZED_AUTOS = YES_AGGRESSIVE;
				GCC_WARN_UNUSED_FUNCTION = YES;
				GCC_WARN_UNUSED_VARIABLE = YES;
				IPHONEOS_DEPLOYMENT_TARGET = 18.2;
				LOCALIZATION_PREFERS_STRING_CATALOGS = YES;
				MTL_ENABLE_DEBUG_INFO = INCLUDE_SOURCE;
				MTL_FAST_MATH = YES;
				ONLY_ACTIVE_ARCH = YES;
				SDKROOT = iphoneos;
				SWIFT_ACTIVE_COMPILATION_CONDITIONS = "DEBUG $(inherited)";
				SWIFT_OPTIMIZATION_LEVEL = "-Onone";
			};
			name = Debug;
		};
		B67873032E6574FF00EEFB26 /* Release */ = {
			isa = XCBuildConfiguration;
			buildSettings = {
				ALWAYS_SEARCH_USER_PATHS = NO;
				ASSETCATALOG_COMPILER_GENERATE_SWIFT_ASSET_SYMBOL_EXTENSIONS = YES;
				CLANG_ANALYZER_NONNULL = YES;
				CLANG_ANALYZER_NUMBER_OBJECT_CONVERSION = YES_AGGRESSIVE;
				CLANG_CXX_LANGUAGE_STANDARD = "gnu++20";
				CLANG_ENABLE_MODULES = YES;
				CLANG_ENABLE_OBJC_ARC = YES;
				CLANG_ENABLE_OBJC_WEAK = YES;
				CLANG_WARN_BLOCK_CAPTURE_AUTORELEASING = YES;
				CLANG_WARN_BOOL_CONVERSION = YES;
				CLANG_WARN_COMMA = YES;
				CLANG_WARN_CONSTANT_CONVERSION = YES;
				CLANG_WARN_DEPRECATED_OBJC_IMPLEMENTATIONS = YES;
				CLANG_WARN_DIRECT_OBJC_ISA_USAGE = YES_ERROR;
				CLANG_WARN_DOCUMENTATION_COMMENTS = YES;
				CLANG_WARN_EMPTY_BODY = YES;
				CLANG_WARN_ENUM_CONVERSION = YES;
				CLANG_WARN_INFINITE_RECURSION = YES;
				CLANG_WARN_INT_CONVERSION = YES;
				CLANG_WARN_NON_LITERAL_NULL_CONVERSION = YES;
				CLANG_WARN_OBJC_IMPLICIT_RETAIN_SELF = YES;
				CLANG_WARN_OBJC_LITERAL_CONVERSION = YES;
				CLANG_WARN_OBJC_ROOT_CLASS = YES_ERROR;
				CLANG_WARN_QUOTED_INCLUDE_IN_FRAMEWORK_HEADER = YES;
				CLANG_WARN_RANGE_LOOP_ANALYSIS = YES;
				CLANG_WARN_STRICT_PROTOTYPES = YES;
				CLANG_WARN_SUSPICIOUS_MOVE = YES;
				CLANG_WARN_UNGUARDED_AVAILABILITY = YES_AGGRESSIVE;
				CLANG_WARN_UNREACHABLE_CODE = YES;
				CLANG_WARN__DUPLICATE_METHOD_MATCH = YES;
				COPY_PHASE_STRIP = NO;
				DEBUG_INFORMATION_FORMAT = "dwarf-with-dsym";
				ENABLE_NS_ASSERTIONS = NO;
				ENABLE_STRICT_OBJC_MSGSEND = YES;
				ENABLE_USER_SCRIPT_SANDBOXING = YES;
				GCC_C_LANGUAGE_STANDARD = gnu17;
				GCC_NO_COMMON_BLOCKS = YES;
				GCC_WARN_64_TO_32_BIT_CONVERSION = YES;
				GCC_WARN_ABOUT_RETURN_TYPE = YES_ERROR;
				GCC_WARN_UNDECLARED_SELECTOR = YES;
				GCC_WARN_UNINITIALIZED_AUTOS = YES_AGGRESSIVE;
				GCC_WARN_UNUSED_FUNCTION = YES;
				GCC_WARN_UNUSED_VARIABLE = YES;
				IPHONEOS_DEPLOYMENT_TARGET = 18.2;
				LOCALIZATION_PREFERS_STRING_CATALOGS = YES;
				MTL_ENABLE_DEBUG_INFO = NO;
				MTL_FAST_MATH = YES;
				SDKROOT = iphoneos;
				SWIFT_COMPILATION_MODE = wholemodule;
				VALIDATE_PRODUCT = YES;
			};
			name = Release;
		};
/* End XCBuildConfiguration section */

/* Begin XCConfigurationList section */
		B67872E72E6574FE00EEFB26 /* Build configuration list for PBXProject "WhatToWearTomorrow" */ = {
			isa = XCConfigurationList;
			buildConfigurations = (
				B67873022E6574FF00EEFB26 /* Debug */,
				B67873032E6574FF00EEFB26 /* Release */,
			);
			defaultConfigurationIsVisible = 0;
			defaultConfigurationName = Release;
		};
		B67872FF2E6574FF00EEFB26 /* Build configuration list for PBXNativeTarget "WhatToWearTomorrow" */ = {
			isa = XCConfigurationList;
			buildConfigurations = (
				B67873002E6574FF00EEFB26 /* Debug */,
				B67873012E6574FF00EEFB26 /* Release */,
			);
			defaultConfigurationIsVisible = 0;
			defaultConfigurationName = Release;
		};
/* End XCConfigurationList section */

/* Begin XCRemoteSwiftPackageReference section */
		B6CD5C622E6723E300B91FC4 /* XCRemoteSwiftPackageReference "SnapKit" */ = {
			isa = XCRemoteSwiftPackageReference;
			repositoryURL = "https://github.com/SnapKit/SnapKit";
			requirement = {
				kind = upToNextMajorVersion;
				minimumVersion = 5.7.1;
			};
		};
		B6CD5C652E67241300B91FC4 /* XCRemoteSwiftPackageReference "Then" */ = {
			isa = XCRemoteSwiftPackageReference;
			repositoryURL = "https://github.com/devxoul/Then";
			requirement = {
				branch = master;
				kind = branch;
			};
		};
		B6CD5C682E67247200B91FC4 /* XCRemoteSwiftPackageReference "RxSwift" */ = {
			isa = XCRemoteSwiftPackageReference;
			repositoryURL = "https://github.com/ReactiveX/RxSwift";
			requirement = {
				kind = upToNextMajorVersion;
				minimumVersion = 6.9.0;
			};
		};
		B6CD5C6D2E67248200B91FC4 /* XCRemoteSwiftPackageReference "ReactorKit" */ = {
			isa = XCRemoteSwiftPackageReference;
			repositoryURL = "https://github.com/ReactorKit/ReactorKit";
			requirement = {
				kind = upToNextMajorVersion;
				minimumVersion = 3.2.0;
			};
		};
		B6CD5C702E67248E00B91FC4 /* XCRemoteSwiftPackageReference "Kingfisher" */ = {
			isa = XCRemoteSwiftPackageReference;
			repositoryURL = "https://github.com/onevcat/Kingfisher";
			requirement = {
				kind = upToNextMajorVersion;
				minimumVersion = 8.5.0;
			};
		};
		B6CD5C732E67260B00B91FC4 /* XCRemoteSwiftPackageReference "Moya" */ = {
			isa = XCRemoteSwiftPackageReference;
			repositoryURL = "https://github.com/Moya/Moya";
			requirement = {
				kind = upToNextMajorVersion;
				minimumVersion = 15.0.3;
			};
		};
/* End XCRemoteSwiftPackageReference section */

/* Begin XCSwiftPackageProductDependency section */
		B6CD5C632E6723E300B91FC4 /* SnapKit */ = {
			isa = XCSwiftPackageProductDependency;
			package = B6CD5C622E6723E300B91FC4 /* XCRemoteSwiftPackageReference "SnapKit" */;
			productName = SnapKit;
		};
		B6CD5C662E67241300B91FC4 /* Then */ = {
			isa = XCSwiftPackageProductDependency;
			package = B6CD5C652E67241300B91FC4 /* XCRemoteSwiftPackageReference "Then" */;
			productName = Then;
		};
		B6CD5C692E67247200B91FC4 /* RxCocoa */ = {
			isa = XCSwiftPackageProductDependency;
			package = B6CD5C682E67247200B91FC4 /* XCRemoteSwiftPackageReference "RxSwift" */;
			productName = RxCocoa;
		};
		B6CD5C6B2E67247200B91FC4 /* RxSwift */ = {
			isa = XCSwiftPackageProductDependency;
			package = B6CD5C682E67247200B91FC4 /* XCRemoteSwiftPackageReference "RxSwift" */;
			productName = RxSwift;
		};
		B6CD5C6E2E67248200B91FC4 /* ReactorKit */ = {
			isa = XCSwiftPackageProductDependency;
			package = B6CD5C6D2E67248200B91FC4 /* XCRemoteSwiftPackageReference "ReactorKit" */;
			productName = ReactorKit;
		};
		B6CD5C712E67248E00B91FC4 /* Kingfisher */ = {
			isa = XCSwiftPackageProductDependency;
			package = B6CD5C702E67248E00B91FC4 /* XCRemoteSwiftPackageReference "Kingfisher" */;
			productName = Kingfisher;
		};
		B6CD5C742E67260B00B91FC4 /* Moya */ = {
			isa = XCSwiftPackageProductDependency;
			package = B6CD5C732E67260B00B91FC4 /* XCRemoteSwiftPackageReference "Moya" */;
			productName = Moya;
		};
		B6CD5C762E67260B00B91FC4 /* RxMoya */ = {
			isa = XCSwiftPackageProductDependency;
			package = B6CD5C732E67260B00B91FC4 /* XCRemoteSwiftPackageReference "Moya" */;
			productName = RxMoya;
		};
/* End XCSwiftPackageProductDependency section */
	};
	rootObject = B67872E42E6574FE00EEFB26 /* Project object */;
}
